
Microsoft Visual Studio Solution File, Format Version 12.00
# Visual Studio Version 17
VisualStudioVersion = 17.4.33205.214
MinimumVisualStudioVersion = 10.0.40219.1
Project("{FAE04EC0-301F-11D3-BF4B-00C04F79EFBC}") = "Labwork 02.03.2023", "Labwork 02.03.2023.csproj", "{8EF9972B-9C43-4616-B6E6-190E54562210}"
EndProject
Global
	GlobalSection(SolutionConfigurationPlatforms) = preSolution
		Debug|Any CPU = Debug|Any CPU
		Release|Any CPU = Release|Any CPU
	EndGlobalSection
	GlobalSection(ProjectConfigurationPlatforms) = postSolution
		{8EF9972B-9C43-4616-B6E6-190E54562210}.Debug|Any CPU.ActiveCfg = Debug|Any CPU
		{8EF9972B-9C43-4616-B6E6-190E54562210}.Debug|Any CPU.Build.0 = Debug|Any CPU
		{8EF9972B-9C43-4616-B6E6-190E54562210}.Release|Any CPU.ActiveCfg = Release|Any CPU
		{8EF9972B-9C43-4616-B6E6-190E54562210}.Release|Any CPU.Build.0 = Release|Any CPU
	EndGlobalSection
	GlobalSection(SolutionProperties) = preSolution
		HideSolutionNode = FALSE
	EndGlobalSection
	GlobalSection(ExtensibilityGlobals) = postSolution
		SolutionGuid = {726CF905-ADC6-4D4C-8D48-9032A911684B}
	EndGlobalSection
EndGlobal
